[[package]]
name = "day09"
version = "0.1.0"
dependencies = [
 "intrusive-collections 0.7.8 (registry+https://github.com/rust-lang/crates.io-index)",
]

[[package]]
name = "intrusive-collections"
version = "0.7.8"
source = "registry+https://github.com/rust-lang/crates.io-index"

[metadata]
"checksum intrusive-collections 0.7.8 (registry+https://github.com/rust-lang/crates.io-index)" = "f0207c3d23d0b13d569d4103a98f31c4cd65f30c92c3a157272966b2affd177e"
